
Microsoft Visual Studio Solution File, Format Version 12.00
# Visual Studio Version 17
VisualStudioVersion = 17.7.34031.279
MinimumVisualStudioVersion = 10.0.40219.1
Project("{8BC9CEB8-8B4A-11D0-8D11-00A0C91BC942}") = "ConsoleClient", "ConsoleClient\ConsoleClient.vcxproj", "{E4D5043E-3370-4809-8943-77C13ADAF8F2}"
EndProject
Project("{8BC9CEB8-8B4A-11D0-8D11-00A0C91BC942}") = "Server", "Server\Server.vcxproj", "{BA4BF910-C2E9-4AB0-BC55-DD57C310C2FD}"
EndProject
Project("{8BC9CEB8-8B4A-11D0-8D11-00A0C91BC942}") = "QtClient", "QtClient\QtClient\QtClient.vcxproj", "{1D1F2AAE-CF2B-3D68-BEA2-54614EEF0BBF}"
EndProject
Project("{8BC9CEB8-8B4A-11D0-8D11-00A0C91BC942}") = "Logger", "Logger\Logger.vcxproj", "{DA4EECC0-5D97-4535-971B-8ADBEA611FDF}"
EndProject
Project("{8BC9CEB8-8B4A-11D0-8D11-00A0C91BC942}") = "TemporaryLogger", "TemporaryLogger\TemporaryLogger.vcxproj", "{A9C8CB5D-F9E1-4B30-9EF3-DB16E8B4DFCC}"
EndProject
Project("{8BC9CEB8-8B4A-11D0-8D11-00A0C91BC942}") = "ClientServices", "ClientServices\ClientServices.vcxproj", "{29706771-8306-494F-9E54-A94BFB1AE06A}"
EndProject
Project("{8BC9CEB8-8B4A-11D0-8D11-00A0C91BC942}") = "Common", "Common\Common.vcxproj", "{A608B73C-5D6C-49EE-8F27-02E9CBEE3670}"
EndProject
Project("{8BC9CEB8-8B4A-11D0-8D11-00A0C91BC942}") = "UtilsDLL", "UtilsDLL\UtilsDLL.vcxproj", "{4120995F-7E28-46AD-AD9B-208E80E59248}"
EndProject
Global
	GlobalSection(SolutionConfigurationPlatforms) = preSolution
		Debug|x64 = Debug|x64
		Debug|x86 = Debug|x86
		Release|x64 = Release|x64
		Release|x86 = Release|x86
	EndGlobalSection
	GlobalSection(ProjectConfigurationPlatforms) = postSolution
		{E4D5043E-3370-4809-8943-77C13ADAF8F2}.Debug|x64.ActiveCfg = Debug|x64
		{E4D5043E-3370-4809-8943-77C13ADAF8F2}.Debug|x64.Build.0 = Debug|x64
		{E4D5043E-3370-4809-8943-77C13ADAF8F2}.Debug|x86.ActiveCfg = Debug|Win32
		{E4D5043E-3370-4809-8943-77C13ADAF8F2}.Debug|x86.Build.0 = Debug|Win32
		{E4D5043E-3370-4809-8943-77C13ADAF8F2}.Release|x64.ActiveCfg = Release|x64
		{E4D5043E-3370-4809-8943-77C13ADAF8F2}.Release|x64.Build.0 = Release|x64
		{E4D5043E-3370-4809-8943-77C13ADAF8F2}.Release|x86.ActiveCfg = Release|Win32
		{E4D5043E-3370-4809-8943-77C13ADAF8F2}.Release|x86.Build.0 = Release|Win32
		{BA4BF910-C2E9-4AB0-BC55-DD57C310C2FD}.Debug|x64.ActiveCfg = Debug|x64
		{BA4BF910-C2E9-4AB0-BC55-DD57C310C2FD}.Debug|x64.Build.0 = Debug|x64
		{BA4BF910-C2E9-4AB0-BC55-DD57C310C2FD}.Debug|x86.ActiveCfg = Debug|Win32
		{BA4BF910-C2E9-4AB0-BC55-DD57C310C2FD}.Debug|x86.Build.0 = Debug|Win32
		{BA4BF910-C2E9-4AB0-BC55-DD57C310C2FD}.Release|x64.ActiveCfg = Release|x64
		{BA4BF910-C2E9-4AB0-BC55-DD57C310C2FD}.Release|x64.Build.0 = Release|x64
		{BA4BF910-C2E9-4AB0-BC55-DD57C310C2FD}.Release|x86.ActiveCfg = Release|Win32
		{BA4BF910-C2E9-4AB0-BC55-DD57C310C2FD}.Release|x86.Build.0 = Release|Win32
		{1D1F2AAE-CF2B-3D68-BEA2-54614EEF0BBF}.Debug|x64.ActiveCfg = Debug|x64
		{1D1F2AAE-CF2B-3D68-BEA2-54614EEF0BBF}.Debug|x64.Build.0 = Debug|x64
		{1D1F2AAE-CF2B-3D68-BEA2-54614EEF0BBF}.Debug|x86.ActiveCfg = Debug|x64
		{1D1F2AAE-CF2B-3D68-BEA2-54614EEF0BBF}.Debug|x86.Build.0 = Debug|x64
		{1D1F2AAE-CF2B-3D68-BEA2-54614EEF0BBF}.Release|x64.ActiveCfg = Release|x64
		{1D1F2AAE-CF2B-3D68-BEA2-54614EEF0BBF}.Release|x64.Build.0 = Release|x64
		{1D1F2AAE-CF2B-3D68-BEA2-54614EEF0BBF}.Release|x86.ActiveCfg = Release|x64
		{1D1F2AAE-CF2B-3D68-BEA2-54614EEF0BBF}.Release|x86.Build.0 = Release|x64
		{DA4EECC0-5D97-4535-971B-8ADBEA611FDF}.Debug|x64.ActiveCfg = Debug|x64
		{DA4EECC0-5D97-4535-971B-8ADBEA611FDF}.Debug|x64.Build.0 = Debug|x64
		{DA4EECC0-5D97-4535-971B-8ADBEA611FDF}.Debug|x86.ActiveCfg = Debug|Win32
		{DA4EECC0-5D97-4535-971B-8ADBEA611FDF}.Debug|x86.Build.0 = Debug|Win32
		{DA4EECC0-5D97-4535-971B-8ADBEA611FDF}.Release|x64.ActiveCfg = Release|x64
		{DA4EECC0-5D97-4535-971B-8ADBEA611FDF}.Release|x64.Build.0 = Release|x64
		{DA4EECC0-5D97-4535-971B-8ADBEA611FDF}.Release|x86.ActiveCfg = Release|Win32
		{DA4EECC0-5D97-4535-971B-8ADBEA611FDF}.Release|x86.Build.0 = Release|Win32
		{A9C8CB5D-F9E1-4B30-9EF3-DB16E8B4DFCC}.Debug|x64.ActiveCfg = Debug|x64
		{A9C8CB5D-F9E1-4B30-9EF3-DB16E8B4DFCC}.Debug|x64.Build.0 = Debug|x64
		{A9C8CB5D-F9E1-4B30-9EF3-DB16E8B4DFCC}.Debug|x86.ActiveCfg = Debug|Win32
		{A9C8CB5D-F9E1-4B30-9EF3-DB16E8B4DFCC}.Debug|x86.Build.0 = Debug|Win32
		{A9C8CB5D-F9E1-4B30-9EF3-DB16E8B4DFCC}.Release|x64.ActiveCfg = Release|x64
		{A9C8CB5D-F9E1-4B30-9EF3-DB16E8B4DFCC}.Release|x64.Build.0 = Release|x64
		{A9C8CB5D-F9E1-4B30-9EF3-DB16E8B4DFCC}.Release|x86.ActiveCfg = Release|Win32
		{A9C8CB5D-F9E1-4B30-9EF3-DB16E8B4DFCC}.Release|x86.Build.0 = Release|Win32
		{29706771-8306-494F-9E54-A94BFB1AE06A}.Debug|x64.ActiveCfg = Debug|x64
		{29706771-8306-494F-9E54-A94BFB1AE06A}.Debug|x64.Build.0 = Debug|x64
		{29706771-8306-494F-9E54-A94BFB1AE06A}.Debug|x86.ActiveCfg = Debug|x64
		{29706771-8306-494F-9E54-A94BFB1AE06A}.Debug|x86.Build.0 = Debug|x64
		{29706771-8306-494F-9E54-A94BFB1AE06A}.Release|x64.ActiveCfg = Release|x64
		{29706771-8306-494F-9E54-A94BFB1AE06A}.Release|x64.Build.0 = Release|x64
		{29706771-8306-494F-9E54-A94BFB1AE06A}.Release|x86.ActiveCfg = Release|Win32
		{29706771-8306-494F-9E54-A94BFB1AE06A}.Release|x86.Build.0 = Release|Win32
		{A608B73C-5D6C-49EE-8F27-02E9CBEE3670}.Debug|x64.ActiveCfg = Debug|x64
		{A608B73C-5D6C-49EE-8F27-02E9CBEE3670}.Debug|x64.Build.0 = Debug|x64
		{A608B73C-5D6C-49EE-8F27-02E9CBEE3670}.Debug|x86.ActiveCfg = Debug|Win32
		{A608B73C-5D6C-49EE-8F27-02E9CBEE3670}.Debug|x86.Build.0 = Debug|Win32
		{A608B73C-5D6C-49EE-8F27-02E9CBEE3670}.Release|x64.ActiveCfg = Release|x64
		{A608B73C-5D6C-49EE-8F27-02E9CBEE3670}.Release|x64.Build.0 = Release|x64
		{A608B73C-5D6C-49EE-8F27-02E9CBEE3670}.Release|x86.ActiveCfg = Release|Win32
		{A608B73C-5D6C-49EE-8F27-02E9CBEE3670}.Release|x86.Build.0 = Release|Win32
		{4120995F-7E28-46AD-AD9B-208E80E59248}.Debug|x64.ActiveCfg = Debug|x64
		{4120995F-7E28-46AD-AD9B-208E80E59248}.Debug|x64.Build.0 = Debug|x64
		{4120995F-7E28-46AD-AD9B-208E80E59248}.Debug|x86.ActiveCfg = Debug|Win32
		{4120995F-7E28-46AD-AD9B-208E80E59248}.Debug|x86.Build.0 = Debug|Win32
		{4120995F-7E28-46AD-AD9B-208E80E59248}.Release|x64.ActiveCfg = Release|x64
		{4120995F-7E28-46AD-AD9B-208E80E59248}.Release|x64.Build.0 = Release|x64
		{4120995F-7E28-46AD-AD9B-208E80E59248}.Release|x86.ActiveCfg = Release|Win32
		{4120995F-7E28-46AD-AD9B-208E80E59248}.Release|x86.Build.0 = Release|Win32
	EndGlobalSection
	GlobalSection(SolutionProperties) = preSolution
		HideSolutionNode = FALSE
	EndGlobalSection
	GlobalSection(ExtensibilityGlobals) = postSolution
		SolutionGuid = {CD86D9A6-1F7B-4AA8-A897-BFE99631002E}
	EndGlobalSection
EndGlobal
