<?xml version="1.0" encoding="utf-8"?>
<Project ToolsVersion="4.0" xmlns="http://schemas.microsoft.com/developer/msbuild/2003">
  <ItemGroup>
    <ClCompile Include="main.cpp">
      <Filter>Source Files</Filter>
    </ClCompile>
    <ClCompile Include="mainwindow.cpp">
      <Filter>Source Files</Filter>
    </ClCompile>
    <ClCompile Include="canvaspaint.cpp">
      <Filter>Source Files\Canvas Window</Filter>
    </ClCompile>
    <ClCompile Include="MyLine.cpp">
      <Filter>Source Files\Canvas Window</Filter>
    </ClCompile>
    <ClCompile Include="ImageReceiverThread.cpp">
      <Filter>Source Files\Canvas Window</Filter>
    </ClCompile>
    <ClCompile Include="GameStateReceiverThread.cpp">
      <Filter>Source Files\Canvas Window</Filter>
    </ClCompile>
  </ItemGroup>
  <ItemGroup>
    <ClInclude Include="ui_canvaspaint.h">
      <Filter>Header Files</Filter>
    </ClInclude>
    <ClInclude Include="ui_mainwindow.h">
      <Filter>Header Files</Filter>
    </ClInclude>
    <ClInclude Include="macro.h">
      <Filter>Header Files</Filter>
    </ClInclude>
    <ClInclude Include="DrawingState.h">
      <Filter>Header Files\Canvas Window</Filter>
    </ClInclude>
    <ClInclude Include="MyLine.h">
      <Filter>Header Files\Canvas Window</Filter>
    </ClInclude>
    <ClInclude Include="GameState.h">
      <Filter>Header Files\Canvas Window</Filter>
    </ClInclude>
  </ItemGroup>
  <ItemGroup>
    <CustomBuild Include="debug\moc_predefs.h.cbt">
      <Filter>CBT Files</Filter>
    </CustomBuild>
    <CustomBuild Include="release\moc_predefs.h.cbt">
      <Filter>CBT Files</Filter>
    </CustomBuild>
  </ItemGroup>
  <ItemGroup>
    <QtMoc Include="mainwindow.h">
      <Filter>Header Files</Filter>
    </QtMoc>
    <QtMoc Include="canvaspaint.h">
      <Filter>Header Files\Canvas Window</Filter>
    </QtMoc>
    <QtMoc Include="ImageReceiverThread.h">
      <Filter>Header Files\Canvas Window</Filter>
    </QtMoc>
    <QtMoc Include="GameStateReceiverThread.h">
      <Filter>Header Files\Canvas Window</Filter>
    </QtMoc>
  </ItemGroup>
  <ItemGroup>
    <QtUic Include="mainwindow.ui">
      <Filter>UI Files</Filter>
    </QtUic>
    <QtUic Include="canvaspaint.ui">
      <Filter>UI Files</Filter>
    </QtUic>
  </ItemGroup>
  <ItemGroup>
    <Filter Include="Header Files">
      <UniqueIdentifier>{6c7f4f4f-fa44-452d-9028-6eca0e6b2266}</UniqueIdentifier>
    </Filter>
    <Filter Include="Source Files">
      <UniqueIdentifier>{b2ba1ff4-7583-4a58-b75a-2dd515d3c5bd}</UniqueIdentifier>
    </Filter>
    <Filter Include="UI Files">
      <UniqueIdentifier>{fdd885d9-f5e8-4b39-b530-904a17557ec2}</UniqueIdentifier>
    </Filter>
    <Filter Include="CBT Files">
      <UniqueIdentifier>{ee819293-dcb5-4411-bd25-f7b0c7da9369}</UniqueIdentifier>
    </Filter>
    <Filter Include="Resource Files">
      <UniqueIdentifier>{1173c52f-cd3f-4edf-9e4c-5b929894c141}</UniqueIdentifier>
    </Filter>
    <Filter Include="Source Files\Canvas Window">
      <UniqueIdentifier>{a2b7fa2a-c05a-44ce-8396-092dab7fc2fa}</UniqueIdentifier>
    </Filter>
    <Filter Include="Header Files\Canvas Window">
      <UniqueIdentifier>{cc39162c-5ea9-4550-873c-c8638808d9c8}</UniqueIdentifier>
    </Filter>
  </ItemGroup>
  <ItemGroup>
    <QtRcc Include="resource.qrc">
      <Filter>Resource Files</Filter>
    </QtRcc>
  </ItemGroup>
</Project>